
Microsoft Visual Studio Solution File, Format Version 12.00
# Visual Studio Version 16
VisualStudioVersion = 16.0.31605.320
MinimumVisualStudioVersion = 10.0.40219.1
Project("{9A19103F-16F7-4668-BE54-9A1E7A4F7556}") = "Shared", "Shared\Shared.csproj", "{C939ED36-597C-44A0-9939-AC9D11BA41D6}"
EndProject
Project("{FAE04EC0-301F-11D3-BF4B-00C04F79EFBC}") = "OrderService", "OrderService\OrderService.csproj", "{E920F841-DC5E-42D2-A05C-3C61DA00224A}"
EndProject
Project("{FAE04EC0-301F-11D3-BF4B-00C04F79EFBC}") = "PaymentService", "PaymentService\PaymentService.csproj", "{A53F4699-9C72-4510-B552-613E7C99189E}"
EndProject
Project("{FAE04EC0-301F-11D3-BF4B-00C04F79EFBC}") = "StockService", "StockService\StockService.csproj", "{D1020185-227D-40C8-8ABA-7558785E094F}"
EndProject
Global
	GlobalSection(SolutionConfigurationPlatforms) = preSolution
		Debug|Any CPU = Debug|Any CPU
		Release|Any CPU = Release|Any CPU
	EndGlobalSection
	GlobalSection(ProjectConfigurationPlatforms) = postSolution
		{C939ED36-597C-44A0-9939-AC9D11BA41D6}.Debug|Any CPU.ActiveCfg = Debug|Any CPU
		{C939ED36-597C-44A0-9939-AC9D11BA41D6}.Debug|Any CPU.Build.0 = Debug|Any CPU
		{C939ED36-597C-44A0-9939-AC9D11BA41D6}.Release|Any CPU.ActiveCfg = Release|Any CPU
		{C939ED36-597C-44A0-9939-AC9D11BA41D6}.Release|Any CPU.Build.0 = Release|Any CPU
		{E920F841-DC5E-42D2-A05C-3C61DA00224A}.Debug|Any CPU.ActiveCfg = Debug|Any CPU
		{E920F841-DC5E-42D2-A05C-3C61DA00224A}.Debug|Any CPU.Build.0 = Debug|Any CPU
		{E920F841-DC5E-42D2-A05C-3C61DA00224A}.Release|Any CPU.ActiveCfg = Release|Any CPU
		{E920F841-DC5E-42D2-A05C-3C61DA00224A}.Release|Any CPU.Build.0 = Release|Any CPU
		{A53F4699-9C72-4510-B552-613E7C99189E}.Debug|Any CPU.ActiveCfg = Debug|Any CPU
		{A53F4699-9C72-4510-B552-613E7C99189E}.Debug|Any CPU.Build.0 = Debug|Any CPU
		{A53F4699-9C72-4510-B552-613E7C99189E}.Release|Any CPU.ActiveCfg = Release|Any CPU
		{A53F4699-9C72-4510-B552-613E7C99189E}.Release|Any CPU.Build.0 = Release|Any CPU
		{D1020185-227D-40C8-8ABA-7558785E094F}.Debug|Any CPU.ActiveCfg = Debug|Any CPU
		{D1020185-227D-40C8-8ABA-7558785E094F}.Debug|Any CPU.Build.0 = Debug|Any CPU
		{D1020185-227D-40C8-8ABA-7558785E094F}.Release|Any CPU.ActiveCfg = Release|Any CPU
		{D1020185-227D-40C8-8ABA-7558785E094F}.Release|Any CPU.Build.0 = Release|Any CPU
	EndGlobalSection
	GlobalSection(SolutionProperties) = preSolution
		HideSolutionNode = FALSE
	EndGlobalSection
	GlobalSection(ExtensibilityGlobals) = postSolution
		SolutionGuid = {B34ADA2F-5603-4BD6-B219-A10FB582E035}
	EndGlobalSection
EndGlobal
