
Microsoft Visual Studio Solution File, Format Version 12.00
# Visual Studio Version 16
VisualStudioVersion = 16.0.31605.320
MinimumVisualStudioVersion = 10.0.40219.1
Project("{2150E333-8FDC-42A3-9474-1A3956D46DE8}") = "Solution Items", "Solution Items", "{5F4C85D8-8C1D-43E5-BF52-46604E572B2A}"
	ProjectSection(SolutionItems) = preProject
		Capture.PNG = Capture.PNG
		ReadMe.txt = ReadMe.txt
	EndProjectSection
EndProject
Project("{9A19103F-16F7-4668-BE54-9A1E7A4F7556}") = "OrderService", "OrderService\OrderService.csproj", "{BF0DAC98-5BB8-45B6-8317-91CCD62EE1AB}"
EndProject
Project("{9A19103F-16F7-4668-BE54-9A1E7A4F7556}") = "Shared", "Shared\Shared.csproj", "{21258AB6-4577-400E-80C0-F5974770C88D}"
EndProject
Project("{9A19103F-16F7-4668-BE54-9A1E7A4F7556}") = "Dispatcher", "Dispatcher\Dispatcher.csproj", "{8B95F21A-0D61-4276-B635-F837D6DA395F}"
EndProject
Project("{9A19103F-16F7-4668-BE54-9A1E7A4F7556}") = "MailService", "MailService\MailService.csproj", "{10AF7CC8-C28B-4739-8969-0CCAE73E4255}"
EndProject
Global
	GlobalSection(SolutionConfigurationPlatforms) = preSolution
		Debug|Any CPU = Debug|Any CPU
		Release|Any CPU = Release|Any CPU
	EndGlobalSection
	GlobalSection(ProjectConfigurationPlatforms) = postSolution
		{BF0DAC98-5BB8-45B6-8317-91CCD62EE1AB}.Debug|Any CPU.ActiveCfg = Debug|Any CPU
		{BF0DAC98-5BB8-45B6-8317-91CCD62EE1AB}.Debug|Any CPU.Build.0 = Debug|Any CPU
		{BF0DAC98-5BB8-45B6-8317-91CCD62EE1AB}.Release|Any CPU.ActiveCfg = Release|Any CPU
		{BF0DAC98-5BB8-45B6-8317-91CCD62EE1AB}.Release|Any CPU.Build.0 = Release|Any CPU
		{21258AB6-4577-400E-80C0-F5974770C88D}.Debug|Any CPU.ActiveCfg = Debug|Any CPU
		{21258AB6-4577-400E-80C0-F5974770C88D}.Debug|Any CPU.Build.0 = Debug|Any CPU
		{21258AB6-4577-400E-80C0-F5974770C88D}.Release|Any CPU.ActiveCfg = Release|Any CPU
		{21258AB6-4577-400E-80C0-F5974770C88D}.Release|Any CPU.Build.0 = Release|Any CPU
		{8B95F21A-0D61-4276-B635-F837D6DA395F}.Debug|Any CPU.ActiveCfg = Debug|Any CPU
		{8B95F21A-0D61-4276-B635-F837D6DA395F}.Debug|Any CPU.Build.0 = Debug|Any CPU
		{8B95F21A-0D61-4276-B635-F837D6DA395F}.Release|Any CPU.ActiveCfg = Release|Any CPU
		{8B95F21A-0D61-4276-B635-F837D6DA395F}.Release|Any CPU.Build.0 = Release|Any CPU
		{10AF7CC8-C28B-4739-8969-0CCAE73E4255}.Debug|Any CPU.ActiveCfg = Debug|Any CPU
		{10AF7CC8-C28B-4739-8969-0CCAE73E4255}.Debug|Any CPU.Build.0 = Debug|Any CPU
		{10AF7CC8-C28B-4739-8969-0CCAE73E4255}.Release|Any CPU.ActiveCfg = Release|Any CPU
		{10AF7CC8-C28B-4739-8969-0CCAE73E4255}.Release|Any CPU.Build.0 = Release|Any CPU
	EndGlobalSection
	GlobalSection(SolutionProperties) = preSolution
		HideSolutionNode = FALSE
	EndGlobalSection
	GlobalSection(ExtensibilityGlobals) = postSolution
		SolutionGuid = {B34ADA2F-5603-4BD6-B219-A10FB582E035}
	EndGlobalSection
EndGlobal
